%{
  "bucs": {:git, "git://github.com/G-Corp/bucs.git", "042a7144b6729579c2d1a85eba475cbd70719484", [branch: "master"]},
  "doteki": {:git, "git://github.com/G-Corp/doteki.git", "645337f8e037b88c6a4a71adc75a34a462bcb638", [branch: "master"]},
  "file_signatures": {:hex, :file_signatures, "0.1.7", "9f9c9e5a6dc8ab9ef628dc2462a4b9c236bbf1770d470c4a5887ce78e4bb24f5", [:make, :mix, :rebar3], [], "hexpm"},
  "jsx": {:hex, :jsx, "2.9.0", "d2f6e5f069c00266cad52fb15d87c428579ea4d7d73a33669e12679e203329dd", [:mix, :rebar3], [], "hexpm"},
  "poolgirl": {:git, "git://github.com/G-Corp/poolgirl.git", "41624a3210624674af4bd277c94bc85c936d452e", [branch: "master"]},
}
